
Microsoft Visual Studio Solution File, Format Version 12.00
# Visual Studio Version 17
VisualStudioVersion = 17.8.34309.116
MinimumVisualStudioVersion = 10.0.40219.1
Project("{FAE04EC0-301F-11D3-BF4B-00C04F79EFBC}") = "PipelineBehaviors", "PipelineBehaviors.csproj", "{2F40D666-28F9-481B-B590-4AA9930FA9D0}"
EndProject
Global
	GlobalSection(SolutionConfigurationPlatforms) = preSolution
		Debug|Any CPU = Debug|Any CPU
		Release|Any CPU = Release|Any CPU
	EndGlobalSection
	GlobalSection(ProjectConfigurationPlatforms) = postSolution
		{2F40D666-28F9-481B-B590-4AA9930FA9D0}.Debug|Any CPU.ActiveCfg = Debug|Any CPU
		{2F40D666-28F9-481B-B590-4AA9930FA9D0}.Debug|Any CPU.Build.0 = Debug|Any CPU
		{2F40D666-28F9-481B-B590-4AA9930FA9D0}.Release|Any CPU.ActiveCfg = Release|Any CPU
		{2F40D666-28F9-481B-B590-4AA9930FA9D0}.Release|Any CPU.Build.0 = Release|Any CPU
	EndGlobalSection
	GlobalSection(SolutionProperties) = preSolution
		HideSolutionNode = FALSE
	EndGlobalSection
	GlobalSection(ExtensibilityGlobals) = postSolution
		SolutionGuid = {B2827562-B095-42B8-B49E-DC3FDCEE6D3E}
	EndGlobalSection
EndGlobal
